
Microsoft Visual Studio Solution File, Format Version 12.00
# Visual Studio Version 17
VisualStudioVersion = 17.12.35521.163 d17.12
MinimumVisualStudioVersion = 10.0.40219.1
Project("{FAE04EC0-301F-11D3-BF4B-00C04F79EFBC}") = "gWorks.Hiring.TestConsoleApplication", "gWorks.Hiring.TestConsoleApplication\gWorks.Hiring.TestConsoleApplication.csproj", "{2C14C9B6-5E7E-4B77-8511-432728D69C5C}"
EndProject
Project("{FAE04EC0-301F-11D3-BF4B-00C04F79EFBC}") = "gWorks.Hiring.TestConsoleApplication.Tests", "gWorks.Hiring.TestConsoleApplication.Tests\gWorks.Hiring.TestConsoleApplication.Tests.csproj", "{70DE0F2F-594A-49F2-8C23-D83C0F0AFBA3}"
EndProject
Project("{FAE04EC0-301F-11D3-BF4B-00C04F79EFBC}") = "gWorks.Hiring.Data", "gWorks.Hiring.Data\gWorks.Hiring.Data.csproj", "{D319B3BA-C143-44D7-92CD-B2667DDB52C4}"
EndProject
Project("{FAE04EC0-301F-11D3-BF4B-00C04F79EFBC}") = "gWorks.Hiring.Services", "gWorks.Hiring.Services\gWorks.Hiring.Services.csproj", "{D797D034-A2C1-4B5E-8D54-56F5B5616EA5}"
EndProject
Global
	GlobalSection(SolutionConfigurationPlatforms) = preSolution
		Debug|Any CPU = Debug|Any CPU
		Release|Any CPU = Release|Any CPU
	EndGlobalSection
	GlobalSection(ProjectConfigurationPlatforms) = postSolution
		{2C14C9B6-5E7E-4B77-8511-432728D69C5C}.Debug|Any CPU.ActiveCfg = Debug|Any CPU
		{2C14C9B6-5E7E-4B77-8511-432728D69C5C}.Debug|Any CPU.Build.0 = Debug|Any CPU
		{2C14C9B6-5E7E-4B77-8511-432728D69C5C}.Release|Any CPU.ActiveCfg = Release|Any CPU
		{2C14C9B6-5E7E-4B77-8511-432728D69C5C}.Release|Any CPU.Build.0 = Release|Any CPU
		{70DE0F2F-594A-49F2-8C23-D83C0F0AFBA3}.Debug|Any CPU.ActiveCfg = Debug|Any CPU
		{70DE0F2F-594A-49F2-8C23-D83C0F0AFBA3}.Debug|Any CPU.Build.0 = Debug|Any CPU
		{70DE0F2F-594A-49F2-8C23-D83C0F0AFBA3}.Release|Any CPU.ActiveCfg = Release|Any CPU
		{70DE0F2F-594A-49F2-8C23-D83C0F0AFBA3}.Release|Any CPU.Build.0 = Release|Any CPU
		{D319B3BA-C143-44D7-92CD-B2667DDB52C4}.Debug|Any CPU.ActiveCfg = Debug|Any CPU
		{D319B3BA-C143-44D7-92CD-B2667DDB52C4}.Debug|Any CPU.Build.0 = Debug|Any CPU
		{D319B3BA-C143-44D7-92CD-B2667DDB52C4}.Release|Any CPU.ActiveCfg = Release|Any CPU
		{D319B3BA-C143-44D7-92CD-B2667DDB52C4}.Release|Any CPU.Build.0 = Release|Any CPU
		{D797D034-A2C1-4B5E-8D54-56F5B5616EA5}.Debug|Any CPU.ActiveCfg = Debug|Any CPU
		{D797D034-A2C1-4B5E-8D54-56F5B5616EA5}.Debug|Any CPU.Build.0 = Debug|Any CPU
		{D797D034-A2C1-4B5E-8D54-56F5B5616EA5}.Release|Any CPU.ActiveCfg = Release|Any CPU
		{D797D034-A2C1-4B5E-8D54-56F5B5616EA5}.Release|Any CPU.Build.0 = Release|Any CPU
	EndGlobalSection
	GlobalSection(SolutionProperties) = preSolution
		HideSolutionNode = FALSE
	EndGlobalSection
EndGlobal
